// !$*UTF8*$!
{
	archiveVersion = 1;
	classes = {
	};
	objectVersion = 56;
	objects = {

/* Begin PBXBuildFile section */
		CA6FB7BB29E774B200BAA3DB /* CheckInView.swift in Sources */ = {isa = PBXBuildFile; fileRef = CA6FB7BA29E774B200BAA3DB /* CheckInView.swift */; };
		CA6FB7BF29E774D100BAA3DB /* CheckOutView.swift in Sources */ = {isa = PBXBuildFile; fileRef = CA6FB7BE29E774D100BAA3DB /* CheckOutView.swift */; };
		CA7F4C7629D12A2400AFD5D5 /* AttendancesAppTestApp.swift in Sources */ = {isa = PBXBuildFile; fileRef = CA7F4C7529D12A2400AFD5D5 /* AttendancesAppTestApp.swift */; };
		CA7F4C7829D12A2400AFD5D5 /* ContentView.swift in Sources */ = {isa = PBXBuildFile; fileRef = CA7F4C7729D12A2400AFD5D5 /* ContentView.swift */; };
		CA7F4C7A29D12A2600AFD5D5 /* Assets.xcassets in Resources */ = {isa = PBXBuildFile; fileRef = CA7F4C7929D12A2600AFD5D5 /* Assets.xcassets */; };
		CA7F4C7D29D12A2700AFD5D5 /* Preview Assets.xcassets in Resources */ = {isa = PBXBuildFile; fileRef = CA7F4C7C29D12A2700AFD5D5 /* Preview Assets.xcassets */; };
		CA7F4C9329D2AB3400AFD5D5 /* AddStudentView.swift in Sources */ = {isa = PBXBuildFile; fileRef = CA7F4C9229D2AB3400AFD5D5 /* AddStudentView.swift */; };
		CA7F4C9529D2AC5500AFD5D5 /* TrackView.swift in Sources */ = {isa = PBXBuildFile; fileRef = CA7F4C9429D2AC5500AFD5D5 /* TrackView.swift */; };
		CA7F4C9729D2B2C900AFD5D5 /* AttendanceView.swift in Sources */ = {isa = PBXBuildFile; fileRef = CA7F4C9629D2B2C900AFD5D5 /* AttendanceView.swift */; };
		CA7F4C9929D2B4CD00AFD5D5 /* AddTrackView.swift in Sources */ = {isa = PBXBuildFile; fileRef = CA7F4C9829D2B4CD00AFD5D5 /* AddTrackView.swift */; };
		CA7F4C9F29D54A6400AFD5D5 /* AddAttendanceView.swift in Sources */ = {isa = PBXBuildFile; fileRef = CA7F4C9E29D54A6400AFD5D5 /* AddAttendanceView.swift */; };
		CAC879FA29DFC670004FBD6B /* Track.swift in Sources */ = {isa = PBXBuildFile; fileRef = CAC879F529DFC670004FBD6B /* Track.swift */; };
		CAC879FB29DFC670004FBD6B /* Attendance.swift in Sources */ = {isa = PBXBuildFile; fileRef = CAC879F629DFC670004FBD6B /* Attendance.swift */; };
		CAC879FC29DFC670004FBD6B /* Session.swift in Sources */ = {isa = PBXBuildFile; fileRef = CAC879F729DFC670004FBD6B /* Session.swift */; };
		CAC879FD29DFC670004FBD6B /* TrackStudent.swift in Sources */ = {isa = PBXBuildFile; fileRef = CAC879F829DFC670004FBD6B /* TrackStudent.swift */; };
		CAC879FE29DFC670004FBD6B /* Student.swift in Sources */ = {isa = PBXBuildFile; fileRef = CAC879F929DFC670004FBD6B /* Student.swift */; };
		CAC87A0629DFC683004FBD6B /* HTTPClientTrackStudent.swift in Sources */ = {isa = PBXBuildFile; fileRef = CAC879FF29DFC683004FBD6B /* HTTPClientTrackStudent.swift */; };
		CAC87A0729DFC683004FBD6B /* HTTPClientSession.swift in Sources */ = {isa = PBXBuildFile; fileRef = CAC87A0029DFC683004FBD6B /* HTTPClientSession.swift */; };
		CAC87A0829DFC683004FBD6B /* HTTPClient.swift in Sources */ = {isa = PBXBuildFile; fileRef = CAC87A0129DFC683004FBD6B /* HTTPClient.swift */; };
		CAC87A0929DFC683004FBD6B /* HTTPClientStudent.swift in Sources */ = {isa = PBXBuildFile; fileRef = CAC87A0229DFC683004FBD6B /* HTTPClientStudent.swift */; };
		CAC87A0A29DFC683004FBD6B /* HTTPClientAttendance.swift in Sources */ = {isa = PBXBuildFile; fileRef = CAC87A0329DFC683004FBD6B /* HTTPClientAttendance.swift */; };
		CAC87A0B29DFC683004FBD6B /* HTTPClientExtension.swift in Sources */ = {isa = PBXBuildFile; fileRef = CAC87A0429DFC683004FBD6B /* HTTPClientExtension.swift */; };
		CAC87A0C29DFC683004FBD6B /* HTTPClientTrack.swift in Sources */ = {isa = PBXBuildFile; fileRef = CAC87A0529DFC683004FBD6B /* HTTPClientTrack.swift */; };
		CAC87A0E29DFC721004FBD6B /* SessionView.swift in Sources */ = {isa = PBXBuildFile; fileRef = CAC87A0D29DFC721004FBD6B /* SessionView.swift */; };
		CAC87A1029E0BD3F004FBD6B /* StudentView.swift in Sources */ = {isa = PBXBuildFile; fileRef = CAC87A0F29E0BD3F004FBD6B /* StudentView.swift */; };
		CAC87A1229E13795004FBD6B /* PeriodOfTimeView.swift in Sources */ = {isa = PBXBuildFile; fileRef = CAC87A1129E13795004FBD6B /* PeriodOfTimeView.swift */; };
		CAC87A1429E1EA71004FBD6B /* DateTestView.swift in Sources */ = {isa = PBXBuildFile; fileRef = CAC87A1329E1EA71004FBD6B /* DateTestView.swift */; };
		CAC87A1629E22D62004FBD6B /* AddStudentToTrackView.swift in Sources */ = {isa = PBXBuildFile; fileRef = CAC87A1529E22D62004FBD6B /* AddStudentToTrackView.swift */; };
		CAC87A1829E22F5D004FBD6B /* TrackDetailView.swift in Sources */ = {isa = PBXBuildFile; fileRef = CAC87A1729E22F5D004FBD6B /* TrackDetailView.swift */; };
/* End PBXBuildFile section */

/* Begin PBXFileReference section */
		CA6FB7BA29E774B200BAA3DB /* CheckInView.swift */ = {isa = PBXFileReference; lastKnownFileType = sourcecode.swift; path = CheckInView.swift; sourceTree = "<group>"; };
		CA6FB7BE29E774D100BAA3DB /* CheckOutView.swift */ = {isa = PBXFileReference; lastKnownFileType = sourcecode.swift; path = CheckOutView.swift; sourceTree = "<group>"; };
		CA7F4C7229D12A2400AFD5D5 /* AttendancesTest.app */ = {isa = PBXFileReference; explicitFileType = wrapper.application; includeInIndex = 0; path = AttendancesTest.app; sourceTree = BUILT_PRODUCTS_DIR; };
		CA7F4C7529D12A2400AFD5D5 /* AttendancesAppTestApp.swift */ = {isa = PBXFileReference; lastKnownFileType = sourcecode.swift; path = AttendancesAppTestApp.swift; sourceTree = "<group>"; };
		CA7F4C7729D12A2400AFD5D5 /* ContentView.swift */ = {isa = PBXFileReference; lastKnownFileType = sourcecode.swift; path = ContentView.swift; sourceTree = "<group>"; };
		CA7F4C7929D12A2600AFD5D5 /* Assets.xcassets */ = {isa = PBXFileReference; lastKnownFileType = folder.assetcatalog; path = Assets.xcassets; sourceTree = "<group>"; };
		CA7F4C7C29D12A2700AFD5D5 /* Preview Assets.xcassets */ = {isa = PBXFileReference; lastKnownFileType = folder.assetcatalog; path = "Preview Assets.xcassets"; sourceTree = "<group>"; };
		CA7F4C9229D2AB3400AFD5D5 /* AddStudentView.swift */ = {isa = PBXFileReference; fileEncoding = 4; lastKnownFileType = sourcecode.swift; path = AddStudentView.swift; sourceTree = "<group>"; };
		CA7F4C9429D2AC5500AFD5D5 /* TrackView.swift */ = {isa = PBXFileReference; lastKnownFileType = sourcecode.swift; path = TrackView.swift; sourceTree = "<group>"; };
		CA7F4C9629D2B2C900AFD5D5 /* AttendanceView.swift */ = {isa = PBXFileReference; lastKnownFileType = sourcecode.swift; path = AttendanceView.swift; sourceTree = "<group>"; };
		CA7F4C9829D2B4CD00AFD5D5 /* AddTrackView.swift */ = {isa = PBXFileReference; lastKnownFileType = sourcecode.swift; path = AddTrackView.swift; sourceTree = "<group>"; };
		CA7F4C9E29D54A6400AFD5D5 /* AddAttendanceView.swift */ = {isa = PBXFileReference; lastKnownFileType = sourcecode.swift; path = AddAttendanceView.swift; sourceTree = "<group>"; };
		CAC879F529DFC670004FBD6B /* Track.swift */ = {isa = PBXFileReference; fileEncoding = 4; lastKnownFileType = sourcecode.swift; path = Track.swift; sourceTree = "<group>"; };
		CAC879F629DFC670004FBD6B /* Attendance.swift */ = {isa = PBXFileReference; fileEncoding = 4; lastKnownFileType = sourcecode.swift; path = Attendance.swift; sourceTree = "<group>"; };
		CAC879F729DFC670004FBD6B /* Session.swift */ = {isa = PBXFileReference; fileEncoding = 4; lastKnownFileType = sourcecode.swift; path = Session.swift; sourceTree = "<group>"; };
		CAC879F829DFC670004FBD6B /* TrackStudent.swift */ = {isa = PBXFileReference; fileEncoding = 4; lastKnownFileType = sourcecode.swift; path = TrackStudent.swift; sourceTree = "<group>"; };
		CAC879F929DFC670004FBD6B /* Student.swift */ = {isa = PBXFileReference; fileEncoding = 4; lastKnownFileType = sourcecode.swift; path = Student.swift; sourceTree = "<group>"; };
		CAC879FF29DFC683004FBD6B /* HTTPClientTrackStudent.swift */ = {isa = PBXFileReference; fileEncoding = 4; lastKnownFileType = sourcecode.swift; path = HTTPClientTrackStudent.swift; sourceTree = "<group>"; };
		CAC87A0029DFC683004FBD6B /* HTTPClientSession.swift */ = {isa = PBXFileReference; fileEncoding = 4; lastKnownFileType = sourcecode.swift; path = HTTPClientSession.swift; sourceTree = "<group>"; };
		CAC87A0129DFC683004FBD6B /* HTTPClient.swift */ = {isa = PBXFileReference; fileEncoding = 4; lastKnownFileType = sourcecode.swift; path = HTTPClient.swift; sourceTree = "<group>"; };
		CAC87A0229DFC683004FBD6B /* HTTPClientStudent.swift */ = {isa = PBXFileReference; fileEncoding = 4; lastKnownFileType = sourcecode.swift; path = HTTPClientStudent.swift; sourceTree = "<group>"; };
		CAC87A0329DFC683004FBD6B /* HTTPClientAttendance.swift */ = {isa = PBXFileReference; fileEncoding = 4; lastKnownFileType = sourcecode.swift; path = HTTPClientAttendance.swift; sourceTree = "<group>"; };
		CAC87A0429DFC683004FBD6B /* HTTPClientExtension.swift */ = {isa = PBXFileReference; fileEncoding = 4; lastKnownFileType = sourcecode.swift; path = HTTPClientExtension.swift; sourceTree = "<group>"; };
		CAC87A0529DFC683004FBD6B /* HTTPClientTrack.swift */ = {isa = PBXFileReference; fileEncoding = 4; lastKnownFileType = sourcecode.swift; path = HTTPClientTrack.swift; sourceTree = "<group>"; };
		CAC87A0D29DFC721004FBD6B /* SessionView.swift */ = {isa = PBXFileReference; lastKnownFileType = sourcecode.swift; path = SessionView.swift; sourceTree = "<group>"; };
		CAC87A0F29E0BD3F004FBD6B /* StudentView.swift */ = {isa = PBXFileReference; lastKnownFileType = sourcecode.swift; path = StudentView.swift; sourceTree = "<group>"; };
		CAC87A1129E13795004FBD6B /* PeriodOfTimeView.swift */ = {isa = PBXFileReference; lastKnownFileType = sourcecode.swift; path = PeriodOfTimeView.swift; sourceTree = "<group>"; };
		CAC87A1329E1EA71004FBD6B /* DateTestView.swift */ = {isa = PBXFileReference; lastKnownFileType = sourcecode.swift; path = DateTestView.swift; sourceTree = "<group>"; };
		CAC87A1529E22D62004FBD6B /* AddStudentToTrackView.swift */ = {isa = PBXFileReference; lastKnownFileType = sourcecode.swift; path = AddStudentToTrackView.swift; sourceTree = "<group>"; };
		CAC87A1729E22F5D004FBD6B /* TrackDetailView.swift */ = {isa = PBXFileReference; lastKnownFileType = sourcecode.swift; path = TrackDetailView.swift; sourceTree = "<group>"; };
/* End PBXFileReference section */

/* Begin PBXFrameworksBuildPhase section */
		CA7F4C6F29D12A2400AFD5D5 /* Frameworks */ = {
			isa = PBXFrameworksBuildPhase;
			buildActionMask = 2147483647;
			files = (
			);
			runOnlyForDeploymentPostprocessing = 0;
		};
/* End PBXFrameworksBuildPhase section */

/* Begin PBXGroup section */
		CA7F4C6929D12A2400AFD5D5 = {
			isa = PBXGroup;
			children = (
				CA7F4C7429D12A2400AFD5D5 /* AttendancesAppTest */,
				CA7F4C7329D12A2400AFD5D5 /* Products */,
			);
			sourceTree = "<group>";
		};
		CA7F4C7329D12A2400AFD5D5 /* Products */ = {
			isa = PBXGroup;
			children = (
				CA7F4C7229D12A2400AFD5D5 /* AttendancesTest.app */,
			);
			name = Products;
			sourceTree = "<group>";
		};
		CA7F4C7429D12A2400AFD5D5 /* AttendancesAppTest */ = {
			isa = PBXGroup;
			children = (
				CA7F4C8629D2215800AFD5D5 /* HTTP Clients */,
				CA7F4C8429D220B500AFD5D5 /* Models */,
				CA7F4C8329D1917000AFD5D5 /* Views */,
				CA7F4C7929D12A2600AFD5D5 /* Assets.xcassets */,
				CA7F4C7B29D12A2700AFD5D5 /* Preview Content */,
			);
			path = AttendancesAppTest;
			sourceTree = "<group>";
		};
		CA7F4C7B29D12A2700AFD5D5 /* Preview Content */ = {
			isa = PBXGroup;
			children = (
				CA7F4C7C29D12A2700AFD5D5 /* Preview Assets.xcassets */,
			);
			path = "Preview Content";
			sourceTree = "<group>";
		};
		CA7F4C8329D1917000AFD5D5 /* Views */ = {
			isa = PBXGroup;
			children = (
				CA7F4C7529D12A2400AFD5D5 /* AttendancesAppTestApp.swift */,
				CA7F4C7729D12A2400AFD5D5 /* ContentView.swift */,
				CAC87A0F29E0BD3F004FBD6B /* StudentView.swift */,
				CA7F4C9229D2AB3400AFD5D5 /* AddStudentView.swift */,
				CA7F4C9429D2AC5500AFD5D5 /* TrackView.swift */,
				CA7F4C9829D2B4CD00AFD5D5 /* AddTrackView.swift */,
				CAC87A1729E22F5D004FBD6B /* TrackDetailView.swift */,
				CA6FB7BA29E774B200BAA3DB /* CheckInView.swift */,
				CA6FB7BE29E774D100BAA3DB /* CheckOutView.swift */,
				CAC87A1529E22D62004FBD6B /* AddStudentToTrackView.swift */,
				CA7F4C9629D2B2C900AFD5D5 /* AttendanceView.swift */,
				CA7F4C9E29D54A6400AFD5D5 /* AddAttendanceView.swift */,
				CAC87A0D29DFC721004FBD6B /* SessionView.swift */,
				CAC87A1129E13795004FBD6B /* PeriodOfTimeView.swift */,
				CAC87A1329E1EA71004FBD6B /* DateTestView.swift */,
			);
			path = Views;
			sourceTree = "<group>";
		};
		CA7F4C8429D220B500AFD5D5 /* Models */ = {
			isa = PBXGroup;
			children = (
				CAC879F529DFC670004FBD6B /* Track.swift */,
				CAC879F929DFC670004FBD6B /* Student.swift */,
				CAC879F829DFC670004FBD6B /* TrackStudent.swift */,
				CAC879F729DFC670004FBD6B /* Session.swift */,
				CAC879F629DFC670004FBD6B /* Attendance.swift */,
			);
			path = Models;
			sourceTree = "<group>";
		};
		CA7F4C8629D2215800AFD5D5 /* HTTP Clients */ = {
			isa = PBXGroup;
			children = (
				CAC87A0129DFC683004FBD6B /* HTTPClient.swift */,
				CAC87A0429DFC683004FBD6B /* HTTPClientExtension.swift */,
				CAC87A0529DFC683004FBD6B /* HTTPClientTrack.swift */,
				CAC87A0229DFC683004FBD6B /* HTTPClientStudent.swift */,
				CAC879FF29DFC683004FBD6B /* HTTPClientTrackStudent.swift */,
				CAC87A0029DFC683004FBD6B /* HTTPClientSession.swift */,
				CAC87A0329DFC683004FBD6B /* HTTPClientAttendance.swift */,
			);
			path = "HTTP Clients";
			sourceTree = "<group>";
		};
/* End PBXGroup section */

/* Begin PBXNativeTarget section */
		CA7F4C7129D12A2400AFD5D5 /* AttendancesTest */ = {
			isa = PBXNativeTarget;
			buildConfigurationList = CA7F4C8029D12A2700AFD5D5 /* Build configuration list for PBXNativeTarget "AttendancesTest" */;
			buildPhases = (
				CA7F4C6E29D12A2400AFD5D5 /* Sources */,
				CA7F4C6F29D12A2400AFD5D5 /* Frameworks */,
				CA7F4C7029D12A2400AFD5D5 /* Resources */,
			);
			buildRules = (
			);
			dependencies = (
			);
			name = AttendancesTest;
			productName = AttendancesAppTest;
			productReference = CA7F4C7229D12A2400AFD5D5 /* AttendancesTest.app */;
			productType = "com.apple.product-type.application";
		};
/* End PBXNativeTarget section */

/* Begin PBXProject section */
		CA7F4C6A29D12A2400AFD5D5 /* Project object */ = {
			isa = PBXProject;
			attributes = {
				BuildIndependentTargetsInParallel = 1;
				LastSwiftUpdateCheck = 1420;
				LastUpgradeCheck = 1420;
				TargetAttributes = {
					CA7F4C7129D12A2400AFD5D5 = {
						CreatedOnToolsVersion = 14.2;
					};
				};
			};
			buildConfigurationList = CA7F4C6D29D12A2400AFD5D5 /* Build configuration list for PBXProject "AttendancesAppTest" */;
			compatibilityVersion = "Xcode 14.0";
			developmentRegion = en;
			hasScannedForEncodings = 0;
			knownRegions = (
				en,
				Base,
			);
			mainGroup = CA7F4C6929D12A2400AFD5D5;
			productRefGroup = CA7F4C7329D12A2400AFD5D5 /* Products */;
			projectDirPath = "";
			projectRoot = "";
			targets = (
				CA7F4C7129D12A2400AFD5D5 /* AttendancesTest */,
			);
		};
/* End PBXProject section */

/* Begin PBXResourcesBuildPhase section */
		CA7F4C7029D12A2400AFD5D5 /* Resources */ = {
			isa = PBXResourcesBuildPhase;
			buildActionMask = 2147483647;
			files = (
				CA7F4C7D29D12A2700AFD5D5 /* Preview Assets.xcassets in Resources */,
				CA7F4C7A29D12A2600AFD5D5 /* Assets.xcassets in Resources */,
			);
			runOnlyForDeploymentPostprocessing = 0;
		};
/* End PBXResourcesBuildPhase section */

/* Begin PBXSourcesBuildPhase section */
		CA7F4C6E29D12A2400AFD5D5 /* Sources */ = {
			isa = PBXSourcesBuildPhase;
			buildActionMask = 2147483647;
			files = (
				CAC879FB29DFC670004FBD6B /* Attendance.swift in Sources */,
				CAC87A1629E22D62004FBD6B /* AddStudentToTrackView.swift in Sources */,
				CAC87A0A29DFC683004FBD6B /* HTTPClientAttendance.swift in Sources */,
				CAC87A1429E1EA71004FBD6B /* DateTestView.swift in Sources */,
				CAC879FA29DFC670004FBD6B /* Track.swift in Sources */,
				CA7F4C9529D2AC5500AFD5D5 /* TrackView.swift in Sources */,
				CA7F4C9329D2AB3400AFD5D5 /* AddStudentView.swift in Sources */,
				CAC879FE29DFC670004FBD6B /* Student.swift in Sources */,
				CAC87A0E29DFC721004FBD6B /* SessionView.swift in Sources */,
				CA7F4C9929D2B4CD00AFD5D5 /* AddTrackView.swift in Sources */,
				CA6FB7BB29E774B200BAA3DB /* CheckInView.swift in Sources */,
				CAC87A0C29DFC683004FBD6B /* HTTPClientTrack.swift in Sources */,
				CA7F4C7829D12A2400AFD5D5 /* ContentView.swift in Sources */,
				CAC87A0729DFC683004FBD6B /* HTTPClientSession.swift in Sources */,
				CAC87A1829E22F5D004FBD6B /* TrackDetailView.swift in Sources */,
				CAC87A0629DFC683004FBD6B /* HTTPClientTrackStudent.swift in Sources */,
				CAC87A0829DFC683004FBD6B /* HTTPClient.swift in Sources */,
				CAC87A0929DFC683004FBD6B /* HTTPClientStudent.swift in Sources */,
				CAC879FC29DFC670004FBD6B /* Session.swift in Sources */,
				CA6FB7BF29E774D100BAA3DB /* CheckOutView.swift in Sources */,
				CA7F4C9729D2B2C900AFD5D5 /* AttendanceView.swift in Sources */,
				CAC879FD29DFC670004FBD6B /* TrackStudent.swift in Sources */,
				CAC87A0B29DFC683004FBD6B /* HTTPClientExtension.swift in Sources */,
				CA7F4C9F29D54A6400AFD5D5 /* AddAttendanceView.swift in Sources */,
				CAC87A1229E13795004FBD6B /* PeriodOfTimeView.swift in Sources */,
				CAC87A1029E0BD3F004FBD6B /* StudentView.swift in Sources */,
				CA7F4C7629D12A2400AFD5D5 /* AttendancesAppTestApp.swift in Sources */,
			);
			runOnlyForDeploymentPostprocessing = 0;
		};
/* End PBXSourcesBuildPhase section */

/* Begin XCBuildConfiguration section */
		CA7F4C7E29D12A2700AFD5D5 /* Debug */ = {
			isa = XCBuildConfiguration;
			buildSettings = {
				ALWAYS_SEARCH_USER_PATHS = NO;
				CLANG_ANALYZER_NONNULL = YES;
				CLANG_ANALYZER_NUMBER_OBJECT_CONVERSION = YES_AGGRESSIVE;
				CLANG_CXX_LANGUAGE_STANDARD = "gnu++20";
				CLANG_ENABLE_MODULES = YES;
				CLANG_ENABLE_OBJC_ARC = YES;
				CLANG_ENABLE_OBJC_WEAK = YES;
				CLANG_WARN_BLOCK_CAPTURE_AUTORELEASING = YES;
				CLANG_WARN_BOOL_CONVERSION = YES;
				CLANG_WARN_COMMA = YES;
				CLANG_WARN_CONSTANT_CONVERSION = YES;
				CLANG_WARN_DEPRECATED_OBJC_IMPLEMENTATIONS = YES;
				CLANG_WARN_DIRECT_OBJC_ISA_USAGE = YES_ERROR;
				CLANG_WARN_DOCUMENTATION_COMMENTS = YES;
				CLANG_WARN_EMPTY_BODY = YES;
				CLANG_WARN_ENUM_CONVERSION = YES;
				CLANG_WARN_INFINITE_RECURSION = YES;
				CLANG_WARN_INT_CONVERSION = YES;
				CLANG_WARN_NON_LITERAL_NULL_CONVERSION = YES;
				CLANG_WARN_OBJC_IMPLICIT_RETAIN_SELF = YES;
				CLANG_WARN_OBJC_LITERAL_CONVERSION = YES;
				CLANG_WARN_OBJC_ROOT_CLASS = YES_ERROR;
				CLANG_WARN_QUOTED_INCLUDE_IN_FRAMEWORK_HEADER = YES;
				CLANG_WARN_RANGE_LOOP_ANALYSIS = YES;
				CLANG_WARN_STRICT_PROTOTYPES = YES;
				CLANG_WARN_SUSPICIOUS_MOVE = YES;
				CLANG_WARN_UNGUARDED_AVAILABILITY = YES_AGGRESSIVE;
				CLANG_WARN_UNREACHABLE_CODE = YES;
				CLANG_WARN__DUPLICATE_METHOD_MATCH = YES;
				COPY_PHASE_STRIP = NO;
				DEBUG_INFORMATION_FORMAT = dwarf;
				ENABLE_STRICT_OBJC_MSGSEND = YES;
				ENABLE_TESTABILITY = YES;
				GCC_C_LANGUAGE_STANDARD = gnu11;
				GCC_DYNAMIC_NO_PIC = NO;
				GCC_NO_COMMON_BLOCKS = YES;
				GCC_OPTIMIZATION_LEVEL = 0;
				GCC_PREPROCESSOR_DEFINITIONS = (
					"DEBUG=1",
					"$(inherited)",
				);
				GCC_WARN_64_TO_32_BIT_CONVERSION = YES;
				GCC_WARN_ABOUT_RETURN_TYPE = YES_ERROR;
				GCC_WARN_UNDECLARED_SELECTOR = YES;
				GCC_WARN_UNINITIALIZED_AUTOS = YES_AGGRESSIVE;
				GCC_WARN_UNUSED_FUNCTION = YES;
				GCC_WARN_UNUSED_VARIABLE = YES;
				IPHONEOS_DEPLOYMENT_TARGET = 16.2;
				MTL_ENABLE_DEBUG_INFO = INCLUDE_SOURCE;
				MTL_FAST_MATH = YES;
				ONLY_ACTIVE_ARCH = YES;
				SDKROOT = iphoneos;
				SWIFT_ACTIVE_COMPILATION_CONDITIONS = DEBUG;
				SWIFT_OPTIMIZATION_LEVEL = "-Onone";
			};
			name = Debug;
		};
		CA7F4C7F29D12A2700AFD5D5 /* Release */ = {
			isa = XCBuildConfiguration;
			buildSettings = {
				ALWAYS_SEARCH_USER_PATHS = NO;
				CLANG_ANALYZER_NONNULL = YES;
				CLANG_ANALYZER_NUMBER_OBJECT_CONVERSION = YES_AGGRESSIVE;
				CLANG_CXX_LANGUAGE_STANDARD = "gnu++20";
				CLANG_ENABLE_MODULES = YES;
				CLANG_ENABLE_OBJC_ARC = YES;
				CLANG_ENABLE_OBJC_WEAK = YES;
				CLANG_WARN_BLOCK_CAPTURE_AUTORELEASING = YES;
				CLANG_WARN_BOOL_CONVERSION = YES;
				CLANG_WARN_COMMA = YES;
				CLANG_WARN_CONSTANT_CONVERSION = YES;
				CLANG_WARN_DEPRECATED_OBJC_IMPLEMENTATIONS = YES;
				CLANG_WARN_DIRECT_OBJC_ISA_USAGE = YES_ERROR;
				CLANG_WARN_DOCUMENTATION_COMMENTS = YES;
				CLANG_WARN_EMPTY_BODY = YES;
				CLANG_WARN_ENUM_CONVERSION = YES;
				CLANG_WARN_INFINITE_RECURSION = YES;
				CLANG_WARN_INT_CONVERSION = YES;
				CLANG_WARN_NON_LITERAL_NULL_CONVERSION = YES;
				CLANG_WARN_OBJC_IMPLICIT_RETAIN_SELF = YES;
				CLANG_WARN_OBJC_LITERAL_CONVERSION = YES;
				CLANG_WARN_OBJC_ROOT_CLASS = YES_ERROR;
				CLANG_WARN_QUOTED_INCLUDE_IN_FRAMEWORK_HEADER = YES;
				CLANG_WARN_RANGE_LOOP_ANALYSIS = YES;
				CLANG_WARN_STRICT_PROTOTYPES = YES;
				CLANG_WARN_SUSPICIOUS_MOVE = YES;
				CLANG_WARN_UNGUARDED_AVAILABILITY = YES_AGGRESSIVE;
				CLANG_WARN_UNREACHABLE_CODE = YES;
				CLANG_WARN__DUPLICATE_METHOD_MATCH = YES;
				COPY_PHASE_STRIP = NO;
				DEBUG_INFORMATION_FORMAT = "dwarf-with-dsym";
				ENABLE_NS_ASSERTIONS = NO;
				ENABLE_STRICT_OBJC_MSGSEND = YES;
				GCC_C_LANGUAGE_STANDARD = gnu11;
				GCC_NO_COMMON_BLOCKS = YES;
				GCC_WARN_64_TO_32_BIT_CONVERSION = YES;
				GCC_WARN_ABOUT_RETURN_TYPE = YES_ERROR;
				GCC_WARN_UNDECLARED_SELECTOR = YES;
				GCC_WARN_UNINITIALIZED_AUTOS = YES_AGGRESSIVE;
				GCC_WARN_UNUSED_FUNCTION = YES;
				GCC_WARN_UNUSED_VARIABLE = YES;
				IPHONEOS_DEPLOYMENT_TARGET = 16.2;
				MTL_ENABLE_DEBUG_INFO = NO;
				MTL_FAST_MATH = YES;
				SDKROOT = iphoneos;
				SWIFT_COMPILATION_MODE = wholemodule;
				SWIFT_OPTIMIZATION_LEVEL = "-O";
				VALIDATE_PRODUCT = YES;
			};
			name = Release;
		};
		CA7F4C8129D12A2700AFD5D5 /* Debug */ = {
			isa = XCBuildConfiguration;
			buildSettings = {
				ASSETCATALOG_COMPILER_APPICON_NAME = AppIcon;
				ASSETCATALOG_COMPILER_GLOBAL_ACCENT_COLOR_NAME = AccentColor;
				CODE_SIGN_STYLE = Automatic;
				CURRENT_PROJECT_VERSION = 1;
				DEVELOPMENT_ASSET_PATHS = "\"AttendancesAppTest/Preview Content\"";
				DEVELOPMENT_TEAM = 6CS5KZLNNS;
				ENABLE_PREVIEWS = YES;
				GENERATE_INFOPLIST_FILE = YES;
				INFOPLIST_FILE = AttendancesAppTest/Info.plist;
				INFOPLIST_KEY_UIApplicationSupportsIndirectInputEvents = YES;
				INFOPLIST_KEY_UILaunchScreen_Generation = YES;
				INFOPLIST_KEY_UILaunchStoryboardName = LaunchScreen;
				INFOPLIST_KEY_UIRequiredDeviceCapabilities = armv7;
				INFOPLIST_KEY_UISupportedInterfaceOrientations = "UIInterfaceOrientationPortrait UIInterfaceOrientationLandscapeLeft UIInterfaceOrientationLandscapeRight";
				INFOPLIST_KEY_UISupportedInterfaceOrientations_iPad = "UIInterfaceOrientationPortrait UIInterfaceOrientationPortraitUpsideDown UIInterfaceOrientationLandscapeLeft UIInterfaceOrientationLandscapeRight";
				INFOPLIST_KEY_UISupportedInterfaceOrientations_iPhone = "UIInterfaceOrientationPortrait UIInterfaceOrientationLandscapeLeft UIInterfaceOrientationLandscapeRight";
				LD_RUNPATH_SEARCH_PATHS = (
					"$(inherited)",
					"@executable_path/Frameworks",
				);
				MARKETING_VERSION = 1.0;
				PRODUCT_BUNDLE_IDENTIFIER = asu.ame.edu;
				PRODUCT_NAME = "$(TARGET_NAME)";
				SWIFT_EMIT_LOC_STRINGS = YES;
				SWIFT_VERSION = 5.0;
				TARGETED_DEVICE_FAMILY = "1,2";
			};
			name = Debug;
		};
		CA7F4C8229D12A2700AFD5D5 /* Release */ = {
			isa = XCBuildConfiguration;
			buildSettings = {
				ASSETCATALOG_COMPILER_APPICON_NAME = AppIcon;
				ASSETCATALOG_COMPILER_GLOBAL_ACCENT_COLOR_NAME = AccentColor;
				CODE_SIGN_STYLE = Automatic;
				CURRENT_PROJECT_VERSION = 1;
				DEVELOPMENT_ASSET_PATHS = "\"AttendancesAppTest/Preview Content\"";
				DEVELOPMENT_TEAM = 6CS5KZLNNS;
				ENABLE_PREVIEWS = YES;
				GENERATE_INFOPLIST_FILE = YES;
				INFOPLIST_FILE = AttendancesAppTest/Info.plist;
				INFOPLIST_KEY_UIApplicationSupportsIndirectInputEvents = YES;
				INFOPLIST_KEY_UILaunchScreen_Generation = YES;
				INFOPLIST_KEY_UILaunchStoryboardName = LaunchScreen;
				INFOPLIST_KEY_UIRequiredDeviceCapabilities = armv7;
				INFOPLIST_KEY_UISupportedInterfaceOrientations = "UIInterfaceOrientationPortrait UIInterfaceOrientationLandscapeLeft UIInterfaceOrientationLandscapeRight";
				INFOPLIST_KEY_UISupportedInterfaceOrientations_iPad = "UIInterfaceOrientationPortrait UIInterfaceOrientationPortraitUpsideDown UIInterfaceOrientationLandscapeLeft UIInterfaceOrientationLandscapeRight";
				INFOPLIST_KEY_UISupportedInterfaceOrientations_iPhone = "UIInterfaceOrientationPortrait UIInterfaceOrientationLandscapeLeft UIInterfaceOrientationLandscapeRight";
				LD_RUNPATH_SEARCH_PATHS = (
					"$(inherited)",
					"@executable_path/Frameworks",
				);
				MARKETING_VERSION = 1.0;
				PRODUCT_BUNDLE_IDENTIFIER = asu.ame.edu;
				PRODUCT_NAME = "$(TARGET_NAME)";
				SWIFT_EMIT_LOC_STRINGS = YES;
				SWIFT_VERSION = 5.0;
				TARGETED_DEVICE_FAMILY = "1,2";
			};
			name = Release;
		};
/* End XCBuildConfiguration section */

/* Begin XCConfigurationList section */
		CA7F4C6D29D12A2400AFD5D5 /* Build configuration list for PBXProject "AttendancesAppTest" */ = {
			isa = XCConfigurationList;
			buildConfigurations = (
				CA7F4C7E29D12A2700AFD5D5 /* Debug */,
				CA7F4C7F29D12A2700AFD5D5 /* Release */,
			);
			defaultConfigurationIsVisible = 0;
			defaultConfigurationName = Release;
		};
		CA7F4C8029D12A2700AFD5D5 /* Build configuration list for PBXNativeTarget "AttendancesTest" */ = {
			isa = XCConfigurationList;
			buildConfigurations = (
				CA7F4C8129D12A2700AFD5D5 /* Debug */,
				CA7F4C8229D12A2700AFD5D5 /* Release */,
			);
			defaultConfigurationIsVisible = 0;
			defaultConfigurationName = Release;
		};
/* End XCConfigurationList section */
	};
	rootObject = CA7F4C6A29D12A2400AFD5D5 /* Project object */;
}
